<?xml version="1.0" encoding="utf-8"?>
<Project ToolsVersion="4.0" xmlns="http://schemas.microsoft.com/developer/msbuild/2003">
  <ItemGroup>
    <Filter Include="Resource Files">
      <UniqueIdentifier>{67DA6AB6-F800-4c08-8B7A-83BB121AAD01}</UniqueIdentifier>
      <Extensions>rc;ico;cur;bmp;dlg;rc2;rct;bin;rgs;gif;jpg;jpeg;jpe;resx;tiff;tif;png;wav;mfcribbon-ms</Extensions>
    </Filter>
    <Filter Include="Scene">
      <UniqueIdentifier>{a273b954-6604-4190-9e80-1e6c118b4893}</UniqueIdentifier>
    </Filter>
    <Filter Include="Input">
      <UniqueIdentifier>{d029f150-11a1-4b17-b468-041757c83477}</UniqueIdentifier>
    </Filter>
    <Filter Include="Rendering">
      <UniqueIdentifier>{7fee75d6-0442-47b7-b277-56dbe26b00a5}</UniqueIdentifier>
    </Filter>
    <Filter Include="ResourceManagement">
      <UniqueIdentifier>{f2a0ae0b-284c-43a7-bd4f-d8a7fb28a7fc}</UniqueIdentifier>
    </Filter>
    <Filter Include="Core">
      <UniqueIdentifier>{7e996c60-ba71-4b88-aa63-92f5d76ee286}</UniqueIdentifier>
    </Filter>
    <Filter Include="Unsorted">
      <UniqueIdentifier>{0d0eb3bd-003a-444e-a6d1-265bc43efb78}</UniqueIdentifier>
    </Filter>
    <Filter Include="Window">
      <UniqueIdentifier>{9128936b-cfd3-425a-85ef-c96f34f4f7ce}</UniqueIdentifier>
    </Filter>
    <Filter Include="ThirdParty">
      <UniqueIdentifier>{f46445e7-2fab-457a-8ba5-6ea6b03089d5}</UniqueIdentifier>
    </Filter>
  </ItemGroup>
  <ItemGroup>
    <ClInclude Include="Input\IKeyboardHandler.h">
      <Filter>Input</Filter>
    </ClInclude>
    <ClInclude Include="Input\IMouseHandler.h">
      <Filter>Input</Filter>
    </ClInclude>
    <ClInclude Include="Input\InputManager.h">
      <Filter>Input</Filter>
    </ClInclude>
    <ClInclude Include="Input\InputTypes.h">
      <Filter>Input</Filter>
    </ClInclude>
    <ClInclude Include="Rendering\Shader.h">
      <Filter>Rendering</Filter>
    </ClInclude>
    <ClInclude Include="ResourceManagement\AssetImporter.h">
      <Filter>ResourceManagement</Filter>
    </ClInclude>
    <ClInclude Include="Rendering\Mesh.h">
      <Filter>Rendering</Filter>
    </ClInclude>
    <ClInclude Include="Scene\Scene.h">
      <Filter>Scene</Filter>
    </ClInclude>
    <ClInclude Include="core\Engine.h">
      <Filter>Core</Filter>
    </ClInclude>
    <ClInclude Include="Scene\ModelNode.h">
      <Filter>Scene</Filter>
    </ClInclude>
    <ClInclude Include="Rendering\GpuMesh.h">
      <Filter>Rendering</Filter>
    </ClInclude>
    <ClInclude Include="PointLightNode.h">
      <Filter>Unsorted</Filter>
    </ClInclude>
    <ClInclude Include="SpotLightNode.h">
      <Filter>Unsorted</Filter>
    </ClInclude>
    <ClInclude Include="Core\GLHeaders.h">
      <Filter>Core</Filter>
    </ClInclude>
    <ClInclude Include="Window\Window.h">
      <Filter>Window</Filter>
    </ClInclude>
    <ClInclude Include="Window\WindowSettings.h">
      <Filter>Window</Filter>
    </ClInclude>
    <ClInclude Include="Window\WindowState.h">
      <Filter>Window</Filter>
    </ClInclude>
    <ClInclude Include="Core\EngineConfig.h">
      <Filter>Core</Filter>
    </ClInclude>
    <ClInclude Include="Core\Platform.h">
      <Filter>Core</Filter>
    </ClInclude>
    <ClInclude Include="Scene\LightNode.h">
      <Filter>Scene</Filter>
    </ClInclude>
    <ClInclude Include="Rendering\Model.h">
      <Filter>Rendering</Filter>
    </ClInclude>
    <ClInclude Include="Core\GlfwManager.h">
      <Filter>Core</Filter>
    </ClInclude>
    <ClInclude Include="Rendering\Renderer.h">
      <Filter>Rendering</Filter>
    </ClInclude>
    <ClInclude Include="Core\Logger.h">
      <Filter>Core</Filter>
    </ClInclude>
    <ClInclude Include="Scene\SceneNode.h">
      <Filter>Scene</Filter>
    </ClInclude>
    <ClInclude Include="Rendering\Material.h">
      <Filter>Rendering</Filter>
    </ClInclude>
    <ClInclude Include="Rendering\Texture2D.h">
      <Filter>Rendering</Filter>
    </ClInclude>
    <ClInclude Include="Scene\DirectionalLightNode.h">
      <Filter>Scene</Filter>
    </ClInclude>
    <ClInclude Include="Rendering\SkyBox.h">
      <Filter>Rendering</Filter>
    </ClInclude>
    <ClInclude Include="Rendering\CubemapTexture.h">
      <Filter>Rendering</Filter>
    </ClInclude>
    <ClInclude Include="Scene\FreeFlyCameraController.h">
      <Filter>Scene</Filter>
    </ClInclude>
    <ClInclude Include="Scene\CameraController.h">
      <Filter>Scene</Filter>
    </ClInclude>
    <ClInclude Include="Scene\CameraNode.h">
      <Filter>Scene</Filter>
    </ClInclude>
    <ClInclude Include="Input\InputState.h">
      <Filter>Input</Filter>
    </ClInclude>
  </ItemGroup>
  <ItemGroup>
    <ClCompile Include="Input\InputManager.cpp">
      <Filter>Input</Filter>
    </ClCompile>
    <ClCompile Include="Rendering\Shader.cpp">
      <Filter>Rendering</Filter>
    </ClCompile>
    <ClCompile Include="ResourceManagement\AssetImporter.cpp">
      <Filter>ResourceManagement</Filter>
    </ClCompile>
    <ClCompile Include="Rendering\Mesh.cpp">
      <Filter>Rendering</Filter>
    </ClCompile>
    <ClCompile Include="Scene\Scene.cpp">
      <Filter>Scene</Filter>
    </ClCompile>
    <ClCompile Include="core\Engine.cpp">
      <Filter>Core</Filter>
    </ClCompile>
    <ClCompile Include="Scene\ModelNode.cpp">
      <Filter>Scene</Filter>
    </ClCompile>
    <ClCompile Include="Scene\SceneNode.cpp">
      <Filter>Scene</Filter>
    </ClCompile>
    <ClCompile Include="Rendering\GpuMesh.cpp">
      <Filter>Rendering</Filter>
    </ClCompile>
    <ClCompile Include="tmp_main.cpp">
      <Filter>Unsorted</Filter>
    </ClCompile>
    <ClCompile Include="Window\Window.cpp">
      <Filter>Window</Filter>
    </ClCompile>
    <ClCompile Include="Window\WindowState.cpp">
      <Filter>Window</Filter>
    </ClCompile>
    <ClCompile Include="Scene\LightNode.cpp">
      <Filter>Scene</Filter>
    </ClCompile>
    <ClCompile Include="Rendering\Model.cpp">
      <Filter>Rendering</Filter>
    </ClCompile>
    <ClCompile Include="Core\GlfwManager.cpp">
      <Filter>Core</Filter>
    </ClCompile>
    <ClCompile Include="Rendering\Renderer.cpp">
      <Filter>Rendering</Filter>
    </ClCompile>
    <ClCompile Include="Core\Logger.cpp">
      <Filter>Core</Filter>
    </ClCompile>
    <ClCompile Include="Rendering\Material.cpp">
      <Filter>Rendering</Filter>
    </ClCompile>
    <ClCompile Include="ThirdParty\stb_image.cpp">
      <Filter>ThirdParty</Filter>
    </ClCompile>
    <ClCompile Include="Rendering\Texture2D.cpp">
      <Filter>Rendering</Filter>
    </ClCompile>
    <ClCompile Include="Rendering\SkyBox.cpp">
      <Filter>Rendering</Filter>
    </ClCompile>
    <ClCompile Include="Rendering\CubemapTexture.cpp">
      <Filter>Rendering</Filter>
    </ClCompile>
    <ClCompile Include="Scene\FreeFlyCameraController.cpp">
      <Filter>Scene</Filter>
    </ClCompile>
    <ClCompile Include="Scene\CameraNode.cpp">
      <Filter>Scene</Filter>
    </ClCompile>
    <ClCompile Include="Input\InputState.cpp">
      <Filter>Input</Filter>
    </ClCompile>
  </ItemGroup>
  <ItemGroup>
    <Text Include="..\..\README.md" />
  </ItemGroup>
</Project>